PODS:
  - Firebase/CoreOnly (10.2.0):
    - FirebaseCore (= 10.2.0)
  - Firebase/Messaging (10.2.0):
    - Firebase/CoreOnly
    - FirebaseMessaging (~> 10.2.0)
  - firebase_core (2.3.0):
    - Firebase/CoreOnly (= 10.2.0)
    - Flutter
  - firebase_messaging (14.1.1):
    - Firebase/Messaging (= 10.2.0)
    - firebase_core
    - Flutter
  - FirebaseCore (10.2.0):
    - FirebaseCoreInternal (~> 10.0)
    - GoogleUtilities/Environment (~> 7.8)
    - GoogleUtilities/Logger (~> 7.8)
  - FirebaseCoreInternal (10.2.0):
    - "GoogleUtilities/NSData+zlib (~> 7.8)"
  - FirebaseInstallations (10.2.0):
    - FirebaseCore (~> 10.0)
    - GoogleUtilities/Environment (~> 7.8)
    - GoogleUtilities/UserDefaults (~> 7.8)
    - PromisesObjC (~> 2.1)
  - FirebaseMessaging (10.2.0):
    - FirebaseCore (~> 10.0)
    - FirebaseInstallations (~> 10.0)
    - GoogleDataTransport (~> 9.2)
    - GoogleUtilities/AppDelegateSwizzler (~> 7.8)
    - GoogleUtilities/Environment (~> 7.8)
    - GoogleUtilities/Reachability (~> 7.8)
    - GoogleUtilities/UserDefaults (~> 7.8)
    - nanopb (< 2.30910.0, >= 2.30908.0)
  - Flutter (1.0.0)
  - flutter_local_notifications (0.0.1):
    - Flutter
  - google_maps_flutter_ios (0.0.1):
    - Flutter
    - GoogleMaps
  - GoogleDataTransport (9.2.0):
    - GoogleUtilities/Environment (~> 7.7)
    - nanopb (< 2.30910.0, >= 2.30908.0)
    - PromisesObjC (< 3.0, >= 1.2)
  - GoogleMaps (5.2.0):
    - GoogleMaps/Maps (= 5.2.0)
  - GoogleMaps/Base (5.2.0)
  - GoogleMaps/Maps (5.2.0):
    - GoogleMaps/Base
  - GoogleUtilities/AppDelegateSwizzler (7.10.0):
    - GoogleUtilities/Environment
    - GoogleUtilities/Logger
    - GoogleUtilities/Network
  - GoogleUtilities/Environment (7.10.0):
    - PromisesObjC (< 3.0, >= 1.2)
  - GoogleUtilities/Logger (7.10.0):
    - GoogleUtilities/Environment
  - GoogleUtilities/Network (7.10.0):
    - GoogleUtilities/Logger
    - "GoogleUtilities/NSData+zlib"
    - GoogleUtilities/Reachability
  - "GoogleUtilities/NSData+zlib (7.10.0)"
  - GoogleUtilities/Reachability (7.10.0):
    - GoogleUtilities/Logger
  - GoogleUtilities/UserDefaults (7.10.0):
    - GoogleUtilities/Logger
  - image_cropper (0.0.4):
    - Flutter
    - TOCropViewController (~> 2.6.1)
  - image_picker_ios (0.0.1):
    - Flutter
  - nanopb (2.30909.0):
    - nanopb/decode (= 2.30909.0)
    - nanopb/encode (= 2.30909.0)
  - nanopb/decode (2.30909.0)
  - nanopb/encode (2.30909.0)
  - PromisesObjC (2.1.1)
  - shared_preferences_ios (0.0.1):
    - Flutter
  - Stripe (22.8.3):
    - Stripe/Stripe3DS2 (= 22.8.3)
    - StripeApplePay (= 22.8.3)
    - StripeCore (= 22.8.3)
    - StripeUICore (= 22.8.3)
  - Stripe/Stripe3DS2 (22.8.3):
    - StripeApplePay (= 22.8.3)
    - StripeCore (= 22.8.3)
    - StripeUICore (= 22.8.3)
  - stripe_ios (0.0.1):
    - Flutter
    - Stripe (~> 22.8.1)
    - StripeFinancialConnections (~> 22.8.1)
  - StripeApplePay (22.8.3):
    - StripeCore (= 22.8.3)
  - StripeCore (22.8.3)
  - StripeFinancialConnections (22.8.3):
    - StripeCore (= 22.8.3)
    - StripeUICore (= 22.8.3)
  - StripeUICore (22.8.3):
    - StripeCore (= 22.8.3)
  - TOCropViewController (2.6.1)

DEPENDENCIES:
  - firebase_core (from `.symlinks/plugins/firebase_core/ios`)
  - firebase_messaging (from `.symlinks/plugins/firebase_messaging/ios`)
  - Flutter (from `Flutter`)
  - flutter_local_notifications (from `.symlinks/plugins/flutter_local_notifications/ios`)
  - google_maps_flutter_ios (from `.symlinks/plugins/google_maps_flutter_ios/ios`)
  - image_cropper (from `.symlinks/plugins/image_cropper/ios`)
  - image_picker_ios (from `.symlinks/plugins/image_picker_ios/ios`)
  - shared_preferences_ios (from `.symlinks/plugins/shared_preferences_ios/ios`)
  - stripe_ios (from `.symlinks/plugins/stripe_ios/ios`)

SPEC REPOS:
  trunk:
    - Firebase
    - FirebaseCore
    - FirebaseCoreInternal
    - FirebaseInstallations
    - FirebaseMessaging
    - GoogleDataTransport
    - GoogleMaps
    - GoogleUtilities
    - nanopb
    - PromisesObjC
    - Stripe
    - StripeApplePay
    - StripeCore
    - StripeFinancialConnections
    - StripeUICore
    - TOCropViewController

EXTERNAL SOURCES:
  firebase_core:
    :path: ".symlinks/plugins/firebase_core/ios"
  firebase_messaging:
    :path: ".symlinks/plugins/firebase_messaging/ios"
  Flutter:
    :path: Flutter
  flutter_local_notifications:
    :path: ".symlinks/plugins/flutter_local_notifications/ios"
  google_maps_flutter_ios:
    :path: ".symlinks/plugins/google_maps_flutter_ios/ios"
  image_cropper:
    :path: ".symlinks/plugins/image_cropper/ios"
  image_picker_ios:
    :path: ".symlinks/plugins/image_picker_ios/ios"
  shared_preferences_ios:
    :path: ".symlinks/plugins/shared_preferences_ios/ios"
  stripe_ios:
    :path: ".symlinks/plugins/stripe_ios/ios"

SPEC CHECKSUMS:
  Firebase: a3ea7eba4382afd83808376edb99acdaff078dcf
  firebase_core: db1432de826785171029b7c1a26e5b22ce1dd477
  firebase_messaging: 5babce6fa9ce1e0c63a854dabba227f23dc68b1b
  FirebaseCore: 813838072b797b64f529f3c2ee35e696e5641dd1
  FirebaseCoreInternal: 091bde13e47bb1c5e9fe397634f3593dc390430f
  FirebaseInstallations: 004915af170935e3a583faefd5f8bc851afc220f
  FirebaseMessaging: cc9f40f5b7494680f3844d08e517e92aa4e8d9f7
  Flutter: f04841e97a9d0b0a8025694d0796dd46242b2854
  flutter_local_notifications: 0c0b1ae97e741e1521e4c1629a459d04b9aec743
  google_maps_flutter_ios: 66201f392bf62d500f07670a30488a247b9bb5b9
  GoogleDataTransport: 1c8145da7117bd68bbbed00cf304edb6a24de00f
  GoogleMaps: 025272d5876d3b32604e5c080dc25eaf68764693
  GoogleUtilities: bad72cb363809015b1f7f19beb1f1cd23c589f95
  image_cropper: 60c2789d1f1a78c873235d4319ca0c34a69f2d98
  image_picker_ios: b786a5dcf033a8336a657191401bfdf12017dabb
  nanopb: b552cce312b6c8484180ef47159bc0f65a1f0431
  PromisesObjC: ab77feca74fa2823e7af4249b8326368e61014cb
  shared_preferences_ios: 548a61f8053b9b8a49ac19c1ffbc8b92c50d68ad
  Stripe: 90c12b350ae9e8a262efa87d230c00110c741f88
  stripe_ios: 8ad17b19d7d2189d7c19fd15d9ecffeca696390f
  StripeApplePay: ce1edb7b3cb8b1abe29734f0fb887ee839a08043
  StripeCore: 7197196aa2344c5c5eaf4a1ba406950c06b1c01c
  StripeFinancialConnections: ff08ef2f655b8f577f0bf70f10b588517dfa667e
  StripeUICore: 5b635db49163d62f9aa831269031de382bcb2bbd
  TOCropViewController: edfd4f25713d56905ad1e0b9f5be3fbe0f59c863

PODFILE CHECKSUM: 4e8f8b2be68aeea4c0d5beb6ff1e79fface1d048

COCOAPODS: 1.11.3
